{
  "pins" : [
    {
      "identity" : "purchases-ios",
      "kind" : "remoteSourceControl",
      "location" : "https://github.com/RevenueCat/purchases-ios.git",
      "state" : {
        "revision" : "be9a9110abd1c93546d40b930fff2d05a642d8b6",
        "version" : "4.5.1"
      }
    }
  ],
  "version" : 2
}
