{
  "originHash" : "92046cd5b2f2281033576764770b7a11ca088b9ebaf1f5b30fe730e9dc26f50e",
  "pins" : [
    {
      "identity" : "purchases-ios",
      "kind" : "remoteSourceControl",
      "location" : "https://github.com/RevenueCat/purchases-ios.git",
      "state" : {
        "revision" : "dabbf506344b6f924b44bdfabbaec96bc7943d5d",
        "version" : "5.3.3"
      }
    }
  ],
  "version" : 3
}
