// !$*UTF8*$!
{
	archiveVersion = 1;
	classes = {
	};
	objectVersion = 46;
	objects = {

/* Begin PBXBuildFile section */
		DF1F79DD2059EAE800BAFC11 /* LaunchScreen.storyboard in Resources */ = {isa = PBXBuildFile; fileRef = DF1F79DC2059EAE800BAFC11 /* LaunchScreen.storyboard */; };
		DF2C45AF1FCC2EF0005C8906 /* Unit.swift in Sources */ = {isa = PBXBuildFile; fileRef = DF2C45AE1FCC2EF0005C8906 /* Unit.swift */; };
		DF2F6BD321ADA4A400AC75BE /* SpeedometerViewController.swift in Sources */ = {isa = PBXBuildFile; fileRef = DF2F6BD221ADA4A400AC75BE /* SpeedometerViewController.swift */; };
		DF3010D8205A929E005B493D /* String+Localization.swift in Sources */ = {isa = PBXBuildFile; fileRef = DF3010D7205A929E005B493D /* String+Localization.swift */; };
		DF4C365120D133CD00A9E1B7 /* CircularView.swift in Sources */ = {isa = PBXBuildFile; fileRef = DF4C365020D133CD00A9E1B7 /* CircularView.swift */; };
		DF4E314321C16D9F00ADE39F /* CircularViewController.swift in Sources */ = {isa = PBXBuildFile; fileRef = DF4E314221C16D9F00ADE39F /* CircularViewController.swift */; };
		DF511037219D9B05000321E8 /* LoadingIndicatorViewController.swift in Sources */ = {isa = PBXBuildFile; fileRef = DF511035219D9B05000321E8 /* LoadingIndicatorViewController.swift */; };
		DF511038219D9B05000321E8 /* LoadingIndicatorViewController.xib in Resources */ = {isa = PBXBuildFile; fileRef = DF511036219D9B05000321E8 /* LoadingIndicatorViewController.xib */; };
		DF51103B219D9B83000321E8 /* UnitSelectionViewController.swift in Sources */ = {isa = PBXBuildFile; fileRef = DF511039219D9B83000321E8 /* UnitSelectionViewController.swift */; };
		DF51103C219D9B83000321E8 /* UnitSelectionViewController.xib in Resources */ = {isa = PBXBuildFile; fileRef = DF51103A219D9B83000321E8 /* UnitSelectionViewController.xib */; };
		DF58A64F2057FCC700005A07 /* SourceCodePro-Medium.ttf in Resources */ = {isa = PBXBuildFile; fileRef = DF58A64D2057FCC200005A07 /* SourceCodePro-Medium.ttf */; };
		DF58A6502057FCC700005A07 /* SourceCodePro-Regular.ttf in Resources */ = {isa = PBXBuildFile; fileRef = DF58A64B2057FCC200005A07 /* SourceCodePro-Regular.ttf */; };
		DF5F4C5F1FD5DAA10043F97E /* UIViewController+Transition.swift in Sources */ = {isa = PBXBuildFile; fileRef = DF5F4C5E1FD5DAA10043F97E /* UIViewController+Transition.swift */; };
		DF602D1520AEE3C00083532A /* StoreKitReviewHelper.swift in Sources */ = {isa = PBXBuildFile; fileRef = DF602D1420AEE3C00083532A /* StoreKitReviewHelper.swift */; };
		DF64A52320EE621A00063BBD /* CoordinatesTests.swift in Sources */ = {isa = PBXBuildFile; fileRef = DF64A52220EE621A00063BBD /* CoordinatesTests.swift */; };
		DF76227321A6E9AE0073CEBC /* ImprintViewController.swift in Sources */ = {isa = PBXBuildFile; fileRef = DF76227221A6E9AE0073CEBC /* ImprintViewController.swift */; };
		DF76227821A6F2250073CEBC /* CloseButtonViewController.swift in Sources */ = {isa = PBXBuildFile; fileRef = DF76227621A6F2250073CEBC /* CloseButtonViewController.swift */; };
		DF76227921A6F2250073CEBC /* CloseButtonViewController.xib in Resources */ = {isa = PBXBuildFile; fileRef = DF76227721A6F2250073CEBC /* CloseButtonViewController.xib */; };
		DF7CF24C20EBD24A0058823B /* Speedometer.storyboard in Resources */ = {isa = PBXBuildFile; fileRef = DF7CF24B20EBD24A0058823B /* Speedometer.storyboard */; };
		DF94839D20D16C7E009B120B /* Coordinates.swift in Sources */ = {isa = PBXBuildFile; fileRef = DF94839C20D16C7E009B120B /* Coordinates.swift */; };
		DF962C4F1FD5A41300514B06 /* DeprecatedSpeedometerViewController.swift in Sources */ = {isa = PBXBuildFile; fileRef = DF962C4E1FD5A41300514B06 /* DeprecatedSpeedometerViewController.swift */; };
		DF9DCB0220ADD770008BAE8B /* AppConfiguration.swift in Sources */ = {isa = PBXBuildFile; fileRef = DF9DCB0120ADD770008BAE8B /* AppConfiguration.swift */; };
		DF9DCB0A20ADD8EC008BAE8B /* SpeedTests.swift in Sources */ = {isa = PBXBuildFile; fileRef = DF9DCB0920ADD8EC008BAE8B /* SpeedTests.swift */; };
		DF9DCB1320ADDAED008BAE8B /* UnitTests.swift in Sources */ = {isa = PBXBuildFile; fileRef = DF9DCB1220ADDAED008BAE8B /* UnitTests.swift */; };
		DFB6D73820815E2700BFC1F3 /* Speed.swift in Sources */ = {isa = PBXBuildFile; fileRef = DFB6D73720815E2700BFC1F3 /* Speed.swift */; };
		DFC358F4205A9BCF00DEDB9E /* InfoPlist.strings in Resources */ = {isa = PBXBuildFile; fileRef = DFC358F6205A9BCF00DEDB9E /* InfoPlist.strings */; };
		DFCA0C611FD5E17300260E24 /* FlowViewController.swift in Sources */ = {isa = PBXBuildFile; fileRef = DFCA0C601FD5E17300260E24 /* FlowViewController.swift */; };
		DFCA0C651FD5E5C100260E24 /* LoadingViewController.swift in Sources */ = {isa = PBXBuildFile; fileRef = DFCA0C641FD5E5C100260E24 /* LoadingViewController.swift */; };
		DFD30993219F240E005CE3B9 /* InformationViewController.swift in Sources */ = {isa = PBXBuildFile; fileRef = DFD30991219F240E005CE3B9 /* InformationViewController.swift */; };
		DFD30994219F240E005CE3B9 /* InformationViewController.xib in Resources */ = {isa = PBXBuildFile; fileRef = DFD30992219F240E005CE3B9 /* InformationViewController.xib */; };
		DFD30999219F252C005CE3B9 /* OnboardingViewController.swift in Sources */ = {isa = PBXBuildFile; fileRef = DFD30997219F252C005CE3B9 /* OnboardingViewController.swift */; };
		DFDB3680219F770B002B7D53 /* MessageViewController.swift in Sources */ = {isa = PBXBuildFile; fileRef = DFDB367F219F770B002B7D53 /* MessageViewController.swift */; };
		DFDB3682219F7B4D002B7D53 /* InformationType.swift in Sources */ = {isa = PBXBuildFile; fileRef = DFDB3681219F7B4D002B7D53 /* InformationType.swift */; };
		DFE3BB6121A6C564001EDCAE /* AuthorizationButtonViewController.swift in Sources */ = {isa = PBXBuildFile; fileRef = DFE3BB5F21A6C564001EDCAE /* AuthorizationButtonViewController.swift */; };
		DFE3BB6221A6C564001EDCAE /* AuthorizationButtonViewController.xib in Resources */ = {isa = PBXBuildFile; fileRef = DFE3BB6021A6C564001EDCAE /* AuthorizationButtonViewController.xib */; };
		DFE3BB6621A6DD8E001EDCAE /* UnitSelectionViewControllerTests.swift in Sources */ = {isa = PBXBuildFile; fileRef = DFE3BB6521A6DD8E001EDCAE /* UnitSelectionViewControllerTests.swift */; };
		DFE69BD5205A904000FA0CE3 /* Localizable.strings in Resources */ = {isa = PBXBuildFile; fileRef = DFE69BD7205A904000FA0CE3 /* Localizable.strings */; };
		DFEB62261F30B5EA00FEC555 /* AppDelegate.swift in Sources */ = {isa = PBXBuildFile; fileRef = DFEB62251F30B5EA00FEC555 /* AppDelegate.swift */; };
		DFEB622D1F30B5EA00FEC555 /* Assets.xcassets in Resources */ = {isa = PBXBuildFile; fileRef = DFEB622C1F30B5EA00FEC555 /* Assets.xcassets */; };
/* End PBXBuildFile section */

/* Begin PBXContainerItemProxy section */
		DF9DCB0C20ADD8EC008BAE8B /* PBXContainerItemProxy */ = {
			isa = PBXContainerItemProxy;
			containerPortal = DFEB621A1F30B5E900FEC555 /* Project object */;
			proxyType = 1;
			remoteGlobalIDString = DFEB62211F30B5E900FEC555;
			remoteInfo = Speedometer;
		};
/* End PBXContainerItemProxy section */

/* Begin PBXFileReference section */
		DF1F79DC2059EAE800BAFC11 /* LaunchScreen.storyboard */ = {isa = PBXFileReference; fileEncoding = 4; lastKnownFileType = file.storyboard; path = LaunchScreen.storyboard; sourceTree = "<group>"; };
		DF2C45AE1FCC2EF0005C8906 /* Unit.swift */ = {isa = PBXFileReference; lastKnownFileType = sourcecode.swift; path = Unit.swift; sourceTree = "<group>"; };
		DF2F6BD221ADA4A400AC75BE /* SpeedometerViewController.swift */ = {isa = PBXFileReference; lastKnownFileType = sourcecode.swift; path = SpeedometerViewController.swift; sourceTree = "<group>"; };
		DF3010D7205A929E005B493D /* String+Localization.swift */ = {isa = PBXFileReference; lastKnownFileType = sourcecode.swift; path = "String+Localization.swift"; sourceTree = "<group>"; };
		DF4C365020D133CD00A9E1B7 /* CircularView.swift */ = {isa = PBXFileReference; lastKnownFileType = sourcecode.swift; path = CircularView.swift; sourceTree = "<group>"; };
		DF4E314221C16D9F00ADE39F /* CircularViewController.swift */ = {isa = PBXFileReference; lastKnownFileType = sourcecode.swift; path = CircularViewController.swift; sourceTree = "<group>"; };
		DF511035219D9B05000321E8 /* LoadingIndicatorViewController.swift */ = {isa = PBXFileReference; lastKnownFileType = sourcecode.swift; path = LoadingIndicatorViewController.swift; sourceTree = "<group>"; };
		DF511036219D9B05000321E8 /* LoadingIndicatorViewController.xib */ = {isa = PBXFileReference; lastKnownFileType = file.xib; path = LoadingIndicatorViewController.xib; sourceTree = "<group>"; };
		DF511039219D9B83000321E8 /* UnitSelectionViewController.swift */ = {isa = PBXFileReference; lastKnownFileType = sourcecode.swift; path = UnitSelectionViewController.swift; sourceTree = "<group>"; };
		DF51103A219D9B83000321E8 /* UnitSelectionViewController.xib */ = {isa = PBXFileReference; lastKnownFileType = file.xib; path = UnitSelectionViewController.xib; sourceTree = "<group>"; };
		DF58A64B2057FCC200005A07 /* SourceCodePro-Regular.ttf */ = {isa = PBXFileReference; lastKnownFileType = file; path = "SourceCodePro-Regular.ttf"; sourceTree = "<group>"; };
		DF58A64D2057FCC200005A07 /* SourceCodePro-Medium.ttf */ = {isa = PBXFileReference; lastKnownFileType = file; path = "SourceCodePro-Medium.ttf"; sourceTree = "<group>"; };
		DF5F4C5E1FD5DAA10043F97E /* UIViewController+Transition.swift */ = {isa = PBXFileReference; fileEncoding = 4; lastKnownFileType = sourcecode.swift; path = "UIViewController+Transition.swift"; sourceTree = "<group>"; };
		DF602D1420AEE3C00083532A /* StoreKitReviewHelper.swift */ = {isa = PBXFileReference; lastKnownFileType = sourcecode.swift; path = StoreKitReviewHelper.swift; sourceTree = "<group>"; };
		DF64A52220EE621A00063BBD /* CoordinatesTests.swift */ = {isa = PBXFileReference; lastKnownFileType = sourcecode.swift; path = CoordinatesTests.swift; sourceTree = "<group>"; };
		DF76227221A6E9AE0073CEBC /* ImprintViewController.swift */ = {isa = PBXFileReference; lastKnownFileType = sourcecode.swift; path = ImprintViewController.swift; sourceTree = "<group>"; };
		DF76227621A6F2250073CEBC /* CloseButtonViewController.swift */ = {isa = PBXFileReference; lastKnownFileType = sourcecode.swift; path = CloseButtonViewController.swift; sourceTree = "<group>"; };
		DF76227721A6F2250073CEBC /* CloseButtonViewController.xib */ = {isa = PBXFileReference; lastKnownFileType = file.xib; path = CloseButtonViewController.xib; sourceTree = "<group>"; };
		DF7CF24B20EBD24A0058823B /* Speedometer.storyboard */ = {isa = PBXFileReference; lastKnownFileType = file.storyboard; path = Speedometer.storyboard; sourceTree = "<group>"; };
		DF94839C20D16C7E009B120B /* Coordinates.swift */ = {isa = PBXFileReference; lastKnownFileType = sourcecode.swift; path = Coordinates.swift; sourceTree = "<group>"; };
		DF962C4E1FD5A41300514B06 /* DeprecatedSpeedometerViewController.swift */ = {isa = PBXFileReference; lastKnownFileType = sourcecode.swift; path = DeprecatedSpeedometerViewController.swift; sourceTree = "<group>"; };
		DF9DCB0120ADD770008BAE8B /* AppConfiguration.swift */ = {isa = PBXFileReference; lastKnownFileType = sourcecode.swift; path = AppConfiguration.swift; sourceTree = "<group>"; };
		DF9DCB0720ADD8EC008BAE8B /* SpeedometerTests.xctest */ = {isa = PBXFileReference; explicitFileType = wrapper.cfbundle; includeInIndex = 0; path = SpeedometerTests.xctest; sourceTree = BUILT_PRODUCTS_DIR; };
		DF9DCB0920ADD8EC008BAE8B /* SpeedTests.swift */ = {isa = PBXFileReference; lastKnownFileType = sourcecode.swift; path = SpeedTests.swift; sourceTree = "<group>"; };
		DF9DCB0B20ADD8EC008BAE8B /* Info.plist */ = {isa = PBXFileReference; lastKnownFileType = text.plist.xml; path = Info.plist; sourceTree = "<group>"; };
		DF9DCB1220ADDAED008BAE8B /* UnitTests.swift */ = {isa = PBXFileReference; lastKnownFileType = sourcecode.swift; path = UnitTests.swift; sourceTree = "<group>"; };
		DFB6D73720815E2700BFC1F3 /* Speed.swift */ = {isa = PBXFileReference; lastKnownFileType = sourcecode.swift; path = Speed.swift; sourceTree = "<group>"; };
		DFC358F8205A9BDD00DEDB9E /* de */ = {isa = PBXFileReference; lastKnownFileType = text.plist.strings; name = de; path = de.lproj/InfoPlist.strings; sourceTree = "<group>"; };
		DFC358F9205A9BE800DEDB9E /* en */ = {isa = PBXFileReference; lastKnownFileType = text.plist.strings; name = en; path = en.lproj/InfoPlist.strings; sourceTree = "<group>"; };
		DFCA0C601FD5E17300260E24 /* FlowViewController.swift */ = {isa = PBXFileReference; lastKnownFileType = sourcecode.swift; path = FlowViewController.swift; sourceTree = "<group>"; };
		DFCA0C641FD5E5C100260E24 /* LoadingViewController.swift */ = {isa = PBXFileReference; lastKnownFileType = sourcecode.swift; path = LoadingViewController.swift; sourceTree = "<group>"; };
		DFD30991219F240E005CE3B9 /* InformationViewController.swift */ = {isa = PBXFileReference; lastKnownFileType = sourcecode.swift; path = InformationViewController.swift; sourceTree = "<group>"; };
		DFD30992219F240E005CE3B9 /* InformationViewController.xib */ = {isa = PBXFileReference; lastKnownFileType = file.xib; path = InformationViewController.xib; sourceTree = "<group>"; };
		DFD30997219F252C005CE3B9 /* OnboardingViewController.swift */ = {isa = PBXFileReference; lastKnownFileType = sourcecode.swift; path = OnboardingViewController.swift; sourceTree = "<group>"; };
		DFDB367F219F770B002B7D53 /* MessageViewController.swift */ = {isa = PBXFileReference; lastKnownFileType = sourcecode.swift; path = MessageViewController.swift; sourceTree = "<group>"; };
		DFDB3681219F7B4D002B7D53 /* InformationType.swift */ = {isa = PBXFileReference; lastKnownFileType = sourcecode.swift; path = InformationType.swift; sourceTree = "<group>"; };
		DFE3BB5F21A6C564001EDCAE /* AuthorizationButtonViewController.swift */ = {isa = PBXFileReference; lastKnownFileType = sourcecode.swift; path = AuthorizationButtonViewController.swift; sourceTree = "<group>"; };
		DFE3BB6021A6C564001EDCAE /* AuthorizationButtonViewController.xib */ = {isa = PBXFileReference; lastKnownFileType = file.xib; path = AuthorizationButtonViewController.xib; sourceTree = "<group>"; };
		DFE3BB6521A6DD8E001EDCAE /* UnitSelectionViewControllerTests.swift */ = {isa = PBXFileReference; lastKnownFileType = sourcecode.swift; path = UnitSelectionViewControllerTests.swift; sourceTree = "<group>"; };
		DFE69BD6205A904000FA0CE3 /* de */ = {isa = PBXFileReference; lastKnownFileType = text.plist.strings; name = de; path = de.lproj/Localizable.strings; sourceTree = "<group>"; };
		DFE69BD8205A904C00FA0CE3 /* en */ = {isa = PBXFileReference; lastKnownFileType = text.plist.strings; name = en; path = en.lproj/Localizable.strings; sourceTree = "<group>"; };
		DFEB62221F30B5EA00FEC555 /* Speedometer.app */ = {isa = PBXFileReference; explicitFileType = wrapper.application; includeInIndex = 0; path = Speedometer.app; sourceTree = BUILT_PRODUCTS_DIR; };
		DFEB62251F30B5EA00FEC555 /* AppDelegate.swift */ = {isa = PBXFileReference; lastKnownFileType = sourcecode.swift; path = AppDelegate.swift; sourceTree = "<group>"; };
		DFEB622C1F30B5EA00FEC555 /* Assets.xcassets */ = {isa = PBXFileReference; lastKnownFileType = folder.assetcatalog; path = Assets.xcassets; sourceTree = "<group>"; };
		DFEB62311F30B5EA00FEC555 /* Info.plist */ = {isa = PBXFileReference; lastKnownFileType = text.plist.xml; path = Info.plist; sourceTree = "<group>"; };
/* End PBXFileReference section */

/* Begin PBXFrameworksBuildPhase section */
		DF9DCB0420ADD8EC008BAE8B /* Frameworks */ = {
			isa = PBXFrameworksBuildPhase;
			buildActionMask = 2147483647;
			files = (
			);
			runOnlyForDeploymentPostprocessing = 0;
		};
		DFEB621F1F30B5E900FEC555 /* Frameworks */ = {
			isa = PBXFrameworksBuildPhase;
			buildActionMask = 2147483647;
			files = (
			);
			runOnlyForDeploymentPostprocessing = 0;
		};
/* End PBXFrameworksBuildPhase section */

/* Begin PBXGroup section */
		DF4C364F20D133B500A9E1B7 /* Views */ = {
			isa = PBXGroup;
			children = (
				DFE3BB5F21A6C564001EDCAE /* AuthorizationButtonViewController.swift */,
				DFE3BB6021A6C564001EDCAE /* AuthorizationButtonViewController.xib */,
				DF4C365020D133CD00A9E1B7 /* CircularView.swift */,
				DF4E314221C16D9F00ADE39F /* CircularViewController.swift */,
				DF76227621A6F2250073CEBC /* CloseButtonViewController.swift */,
				DF76227721A6F2250073CEBC /* CloseButtonViewController.xib */,
				DFD30991219F240E005CE3B9 /* InformationViewController.swift */,
				DFD30992219F240E005CE3B9 /* InformationViewController.xib */,
				DF1F79DC2059EAE800BAFC11 /* LaunchScreen.storyboard */,
				DF511035219D9B05000321E8 /* LoadingIndicatorViewController.swift */,
				DF511036219D9B05000321E8 /* LoadingIndicatorViewController.xib */,
				DF511039219D9B83000321E8 /* UnitSelectionViewController.swift */,
				DF51103A219D9B83000321E8 /* UnitSelectionViewController.xib */,
			);
			path = Views;
			sourceTree = "<group>";
		};
		DF511031219D97EE000321E8 /* Composed Screens */ = {
			isa = PBXGroup;
			children = (
				DF76227221A6E9AE0073CEBC /* ImprintViewController.swift */,
				DFCA0C641FD5E5C100260E24 /* LoadingViewController.swift */,
				DFDB367F219F770B002B7D53 /* MessageViewController.swift */,
				DFD30997219F252C005CE3B9 /* OnboardingViewController.swift */,
				DF2F6BD221ADA4A400AC75BE /* SpeedometerViewController.swift */,
			);
			path = "Composed Screens";
			sourceTree = "<group>";
		};
		DF511034219D9AE6000321E8 /* Components */ = {
			isa = PBXGroup;
			children = (
				DF9DCB0120ADD770008BAE8B /* AppConfiguration.swift */,
				DFEB62251F30B5EA00FEC555 /* AppDelegate.swift */,
				DFCA0C601FD5E17300260E24 /* FlowViewController.swift */,
				DFDB3681219F7B4D002B7D53 /* InformationType.swift */,
				DF602D1420AEE3C00083532A /* StoreKitReviewHelper.swift */,
			);
			path = Components;
			sourceTree = "<group>";
		};
		DF568E471FD0119600D546B8 /* Supporting Files */ = {
			isa = PBXGroup;
			children = (
				DFEB622C1F30B5EA00FEC555 /* Assets.xcassets */,
				DF58A64A2057FAC900005A07 /* Fonts */,
				DFEB62311F30B5EA00FEC555 /* Info.plist */,
				DFC358F6205A9BCF00DEDB9E /* InfoPlist.strings */,
				DFE69BD7205A904000FA0CE3 /* Localizable.strings */,
			);
			path = "Supporting Files";
			sourceTree = "<group>";
		};
		DF58A64A2057FAC900005A07 /* Fonts */ = {
			isa = PBXGroup;
			children = (
				DF58A64D2057FCC200005A07 /* SourceCodePro-Medium.ttf */,
				DF58A64B2057FCC200005A07 /* SourceCodePro-Regular.ttf */,
			);
			path = Fonts;
			sourceTree = "<group>";
		};
		DF5F138B202A5AAE006D51DA /* Model */ = {
			isa = PBXGroup;
			children = (
				DF94839C20D16C7E009B120B /* Coordinates.swift */,
				DFB6D73720815E2700BFC1F3 /* Speed.swift */,
				DF2C45AE1FCC2EF0005C8906 /* Unit.swift */,
			);
			path = Model;
			sourceTree = "<group>";
		};
		DF8FDCE72008DD6200140DA9 /* Extensions */ = {
			isa = PBXGroup;
			children = (
				DF3010D7205A929E005B493D /* String+Localization.swift */,
				DF5F4C5E1FD5DAA10043F97E /* UIViewController+Transition.swift */,
			);
			path = Extensions;
			sourceTree = "<group>";
		};
		DF9DCB0820ADD8EC008BAE8B /* SpeedometerTests */ = {
			isa = PBXGroup;
			children = (
				DF9DCB0B20ADD8EC008BAE8B /* Info.plist */,
				DF9DCB1120ADD99B008BAE8B /* Model */,
				DFE3BB6421A6DD77001EDCAE /* Views */,
			);
			path = SpeedometerTests;
			sourceTree = "<group>";
		};
		DF9DCB1120ADD99B008BAE8B /* Model */ = {
			isa = PBXGroup;
			children = (
				DF64A52220EE621A00063BBD /* CoordinatesTests.swift */,
				DF9DCB0920ADD8EC008BAE8B /* SpeedTests.swift */,
				DF9DCB1220ADDAED008BAE8B /* UnitTests.swift */,
			);
			path = Model;
			sourceTree = "<group>";
		};
		DFE3BB6321A6DAB0001EDCAE /* _Deprecated */ = {
			isa = PBXGroup;
			children = (
				DF7CF24B20EBD24A0058823B /* Speedometer.storyboard */,
				DF962C4E1FD5A41300514B06 /* DeprecatedSpeedometerViewController.swift */,
			);
			path = _Deprecated;
			sourceTree = "<group>";
		};
		DFE3BB6421A6DD77001EDCAE /* Views */ = {
			isa = PBXGroup;
			children = (
				DFE3BB6521A6DD8E001EDCAE /* UnitSelectionViewControllerTests.swift */,
			);
			path = Views;
			sourceTree = "<group>";
		};
		DFEB62191F30B5E900FEC555 = {
			isa = PBXGroup;
			children = (
				DFEB62241F30B5EA00FEC555 /* Speedometer */,
				DF9DCB0820ADD8EC008BAE8B /* SpeedometerTests */,
				DFEB62231F30B5EA00FEC555 /* Products */,
			);
			sourceTree = "<group>";
		};
		DFEB62231F30B5EA00FEC555 /* Products */ = {
			isa = PBXGroup;
			children = (
				DFEB62221F30B5EA00FEC555 /* Speedometer.app */,
				DF9DCB0720ADD8EC008BAE8B /* SpeedometerTests.xctest */,
			);
			name = Products;
			sourceTree = "<group>";
		};
		DFEB62241F30B5EA00FEC555 /* Speedometer */ = {
			isa = PBXGroup;
			children = (
				DFE3BB6321A6DAB0001EDCAE /* _Deprecated */,
				DF511034219D9AE6000321E8 /* Components */,
				DF511031219D97EE000321E8 /* Composed Screens */,
				DF8FDCE72008DD6200140DA9 /* Extensions */,
				DF5F138B202A5AAE006D51DA /* Model */,
				DF568E471FD0119600D546B8 /* Supporting Files */,
				DF4C364F20D133B500A9E1B7 /* Views */,
			);
			path = Speedometer;
			sourceTree = "<group>";
		};
/* End PBXGroup section */

/* Begin PBXNativeTarget section */
		DF9DCB0620ADD8EC008BAE8B /* SpeedometerTests */ = {
			isa = PBXNativeTarget;
			buildConfigurationList = DF9DCB0E20ADD8EC008BAE8B /* Build configuration list for PBXNativeTarget "SpeedometerTests" */;
			buildPhases = (
				DF9DCB0320ADD8EC008BAE8B /* Sources */,
				DF9DCB0420ADD8EC008BAE8B /* Frameworks */,
				DF9DCB0520ADD8EC008BAE8B /* Resources */,
			);
			buildRules = (
			);
			dependencies = (
				DF9DCB0D20ADD8EC008BAE8B /* PBXTargetDependency */,
			);
			name = SpeedometerTests;
			productName = SpeedometerTests;
			productReference = DF9DCB0720ADD8EC008BAE8B /* SpeedometerTests.xctest */;
			productType = "com.apple.product-type.bundle.unit-test";
		};
		DFEB62211F30B5E900FEC555 /* Speedometer */ = {
			isa = PBXNativeTarget;
			buildConfigurationList = DFEB62341F30B5EA00FEC555 /* Build configuration list for PBXNativeTarget "Speedometer" */;
			buildPhases = (
				DFEB621E1F30B5E900FEC555 /* Sources */,
				DFEB621F1F30B5E900FEC555 /* Frameworks */,
				DFEB62201F30B5E900FEC555 /* Resources */,
			);
			buildRules = (
			);
			dependencies = (
			);
			name = Speedometer;
			productName = Speedometer;
			productReference = DFEB62221F30B5EA00FEC555 /* Speedometer.app */;
			productType = "com.apple.product-type.application";
		};
/* End PBXNativeTarget section */

/* Begin PBXProject section */
		DFEB621A1F30B5E900FEC555 /* Project object */ = {
			isa = PBXProject;
			attributes = {
				LastSwiftUpdateCheck = 0930;
				LastUpgradeCheck = 0930;
				ORGANIZATIONNAME = "Marcel Kraus";
				TargetAttributes = {
					DF9DCB0620ADD8EC008BAE8B = {
						CreatedOnToolsVersion = 9.3.1;
						DevelopmentTeam = N8P95HFNCS;
						LastSwiftMigration = 1000;
						ProvisioningStyle = Automatic;
						TestTargetID = DFEB62211F30B5E900FEC555;
					};
					DFEB62211F30B5E900FEC555 = {
						CreatedOnToolsVersion = 8.3.2;
						DevelopmentTeam = N8P95HFNCS;
						LastSwiftMigration = 1000;
						ProvisioningStyle = Manual;
					};
				};
			};
			buildConfigurationList = DFEB621D1F30B5E900FEC555 /* Build configuration list for PBXProject "Speedometer" */;
			compatibilityVersion = "Xcode 3.2";
			developmentRegion = English;
			hasScannedForEncodings = 0;
			knownRegions = (
				de,
				en,
			);
			mainGroup = DFEB62191F30B5E900FEC555;
			productRefGroup = DFEB62231F30B5EA00FEC555 /* Products */;
			projectDirPath = "";
			projectRoot = "";
			targets = (
				DFEB62211F30B5E900FEC555 /* Speedometer */,
				DF9DCB0620ADD8EC008BAE8B /* SpeedometerTests */,
			);
		};
/* End PBXProject section */

/* Begin PBXResourcesBuildPhase section */
		DF9DCB0520ADD8EC008BAE8B /* Resources */ = {
			isa = PBXResourcesBuildPhase;
			buildActionMask = 2147483647;
			files = (
			);
			runOnlyForDeploymentPostprocessing = 0;
		};
		DFEB62201F30B5E900FEC555 /* Resources */ = {
			isa = PBXResourcesBuildPhase;
			buildActionMask = 2147483647;
			files = (
				DFE3BB6221A6C564001EDCAE /* AuthorizationButtonViewController.xib in Resources */,
				DF1F79DD2059EAE800BAFC11 /* LaunchScreen.storyboard in Resources */,
				DF511038219D9B05000321E8 /* LoadingIndicatorViewController.xib in Resources */,
				DF7CF24C20EBD24A0058823B /* Speedometer.storyboard in Resources */,
				DF58A6502057FCC700005A07 /* SourceCodePro-Regular.ttf in Resources */,
				DFE69BD5205A904000FA0CE3 /* Localizable.strings in Resources */,
				DF58A64F2057FCC700005A07 /* SourceCodePro-Medium.ttf in Resources */,
				DF51103C219D9B83000321E8 /* UnitSelectionViewController.xib in Resources */,
				DFEB622D1F30B5EA00FEC555 /* Assets.xcassets in Resources */,
				DF76227921A6F2250073CEBC /* CloseButtonViewController.xib in Resources */,
				DFC358F4205A9BCF00DEDB9E /* InfoPlist.strings in Resources */,
				DFD30994219F240E005CE3B9 /* InformationViewController.xib in Resources */,
			);
			runOnlyForDeploymentPostprocessing = 0;
		};
/* End PBXResourcesBuildPhase section */

/* Begin PBXSourcesBuildPhase section */
		DF9DCB0320ADD8EC008BAE8B /* Sources */ = {
			isa = PBXSourcesBuildPhase;
			buildActionMask = 2147483647;
			files = (
				DF9DCB0A20ADD8EC008BAE8B /* SpeedTests.swift in Sources */,
				DFE3BB6621A6DD8E001EDCAE /* UnitSelectionViewControllerTests.swift in Sources */,
				DF64A52320EE621A00063BBD /* CoordinatesTests.swift in Sources */,
				DF9DCB1320ADDAED008BAE8B /* UnitTests.swift in Sources */,
			);
			runOnlyForDeploymentPostprocessing = 0;
		};
		DFEB621E1F30B5E900FEC555 /* Sources */ = {
			isa = PBXSourcesBuildPhase;
			buildActionMask = 2147483647;
			files = (
				DF602D1520AEE3C00083532A /* StoreKitReviewHelper.swift in Sources */,
				DFD30993219F240E005CE3B9 /* InformationViewController.swift in Sources */,
				DFCA0C651FD5E5C100260E24 /* LoadingViewController.swift in Sources */,
				DF5F4C5F1FD5DAA10043F97E /* UIViewController+Transition.swift in Sources */,
				DF76227321A6E9AE0073CEBC /* ImprintViewController.swift in Sources */,
				DF2C45AF1FCC2EF0005C8906 /* Unit.swift in Sources */,
				DFB6D73820815E2700BFC1F3 /* Speed.swift in Sources */,
				DF4E314321C16D9F00ADE39F /* CircularViewController.swift in Sources */,
				DF76227821A6F2250073CEBC /* CloseButtonViewController.swift in Sources */,
				DFE3BB6121A6C564001EDCAE /* AuthorizationButtonViewController.swift in Sources */,
				DFDB3682219F7B4D002B7D53 /* InformationType.swift in Sources */,
				DFCA0C611FD5E17300260E24 /* FlowViewController.swift in Sources */,
				DF511037219D9B05000321E8 /* LoadingIndicatorViewController.swift in Sources */,
				DF51103B219D9B83000321E8 /* UnitSelectionViewController.swift in Sources */,
				DF4C365120D133CD00A9E1B7 /* CircularView.swift in Sources */,
				DF94839D20D16C7E009B120B /* Coordinates.swift in Sources */,
				DF962C4F1FD5A41300514B06 /* DeprecatedSpeedometerViewController.swift in Sources */,
				DFDB3680219F770B002B7D53 /* MessageViewController.swift in Sources */,
				DF3010D8205A929E005B493D /* String+Localization.swift in Sources */,
				DFEB62261F30B5EA00FEC555 /* AppDelegate.swift in Sources */,
				DF9DCB0220ADD770008BAE8B /* AppConfiguration.swift in Sources */,
				DF2F6BD321ADA4A400AC75BE /* SpeedometerViewController.swift in Sources */,
				DFD30999219F252C005CE3B9 /* OnboardingViewController.swift in Sources */,
			);
			runOnlyForDeploymentPostprocessing = 0;
		};
/* End PBXSourcesBuildPhase section */

/* Begin PBXTargetDependency section */
		DF9DCB0D20ADD8EC008BAE8B /* PBXTargetDependency */ = {
			isa = PBXTargetDependency;
			target = DFEB62211F30B5E900FEC555 /* Speedometer */;
			targetProxy = DF9DCB0C20ADD8EC008BAE8B /* PBXContainerItemProxy */;
		};
/* End PBXTargetDependency section */

/* Begin PBXVariantGroup section */
		DFC358F6205A9BCF00DEDB9E /* InfoPlist.strings */ = {
			isa = PBXVariantGroup;
			children = (
				DFC358F8205A9BDD00DEDB9E /* de */,
				DFC358F9205A9BE800DEDB9E /* en */,
			);
			name = InfoPlist.strings;
			sourceTree = "<group>";
		};
		DFE69BD7205A904000FA0CE3 /* Localizable.strings */ = {
			isa = PBXVariantGroup;
			children = (
				DFE69BD6205A904000FA0CE3 /* de */,
				DFE69BD8205A904C00FA0CE3 /* en */,
			);
			name = Localizable.strings;
			sourceTree = "<group>";
		};
/* End PBXVariantGroup section */

/* Begin XCBuildConfiguration section */
		DF9DCB0F20ADD8EC008BAE8B /* Debug */ = {
			isa = XCBuildConfiguration;
			buildSettings = {
				BUNDLE_LOADER = "$(TEST_HOST)";
				CLANG_CXX_LANGUAGE_STANDARD = "gnu++14";
				CLANG_ENABLE_OBJC_WEAK = YES;
				CLANG_WARN_UNGUARDED_AVAILABILITY = YES_AGGRESSIVE;
				CODE_SIGN_IDENTITY = "iPhone Developer";
				CODE_SIGN_STYLE = Automatic;
				DEVELOPMENT_TEAM = N8P95HFNCS;
				GCC_C_LANGUAGE_STANDARD = gnu11;
				INFOPLIST_FILE = SpeedometerTests/Info.plist;
				IPHONEOS_DEPLOYMENT_TARGET = 11.3;
				LD_RUNPATH_SEARCH_PATHS = "$(inherited) @executable_path/Frameworks @loader_path/Frameworks";
				PRODUCT_BUNDLE_IDENTIFIER = "de.marcelkraus.speedometer-tests";
				PRODUCT_NAME = "$(TARGET_NAME)";
				SWIFT_VERSION = 4.2;
				TARGETED_DEVICE_FAMILY = "1,2";
				TEST_HOST = "$(BUILT_PRODUCTS_DIR)/Speedometer.app/Speedometer";
			};
			name = Debug;
		};
		DF9DCB1020ADD8EC008BAE8B /* Release */ = {
			isa = XCBuildConfiguration;
			buildSettings = {
				BUNDLE_LOADER = "$(TEST_HOST)";
				CLANG_CXX_LANGUAGE_STANDARD = "gnu++14";
				CLANG_ENABLE_OBJC_WEAK = YES;
				CLANG_WARN_UNGUARDED_AVAILABILITY = YES_AGGRESSIVE;
				CODE_SIGN_IDENTITY = "iPhone Developer";
				CODE_SIGN_STYLE = Automatic;
				DEVELOPMENT_TEAM = N8P95HFNCS;
				GCC_C_LANGUAGE_STANDARD = gnu11;
				INFOPLIST_FILE = SpeedometerTests/Info.plist;
				IPHONEOS_DEPLOYMENT_TARGET = 11.3;
				LD_RUNPATH_SEARCH_PATHS = "$(inherited) @executable_path/Frameworks @loader_path/Frameworks";
				PRODUCT_BUNDLE_IDENTIFIER = "de.marcelkraus.speedometer-tests";
				PRODUCT_NAME = "$(TARGET_NAME)";
				SWIFT_VERSION = 4.2;
				TARGETED_DEVICE_FAMILY = "1,2";
				TEST_HOST = "$(BUILT_PRODUCTS_DIR)/Speedometer.app/Speedometer";
			};
			name = Release;
		};
		DFEB62321F30B5EA00FEC555 /* Debug */ = {
			isa = XCBuildConfiguration;
			buildSettings = {
				ALWAYS_SEARCH_USER_PATHS = NO;
				CLANG_ANALYZER_LOCALIZABILITY_NONLOCALIZED = YES;
				CLANG_ANALYZER_NONNULL = YES;
				CLANG_ANALYZER_NUMBER_OBJECT_CONVERSION = YES_AGGRESSIVE;
				CLANG_CXX_LANGUAGE_STANDARD = "gnu++0x";
				CLANG_CXX_LIBRARY = "libc++";
				CLANG_ENABLE_MODULES = YES;
				CLANG_ENABLE_OBJC_ARC = YES;
				CLANG_WARN_BLOCK_CAPTURE_AUTORELEASING = YES;
				CLANG_WARN_BOOL_CONVERSION = YES;
				CLANG_WARN_COMMA = YES;
				CLANG_WARN_CONSTANT_CONVERSION = YES;
				CLANG_WARN_DEPRECATED_OBJC_IMPLEMENTATIONS = YES;
				CLANG_WARN_DIRECT_OBJC_ISA_USAGE = YES_ERROR;
				CLANG_WARN_DOCUMENTATION_COMMENTS = YES;
				CLANG_WARN_EMPTY_BODY = YES;
				CLANG_WARN_ENUM_CONVERSION = YES;
				CLANG_WARN_INFINITE_RECURSION = YES;
				CLANG_WARN_INT_CONVERSION = YES;
				CLANG_WARN_NON_LITERAL_NULL_CONVERSION = YES;
				CLANG_WARN_OBJC_IMPLICIT_RETAIN_SELF = YES;
				CLANG_WARN_OBJC_LITERAL_CONVERSION = YES;
				CLANG_WARN_OBJC_ROOT_CLASS = YES_ERROR;
				CLANG_WARN_RANGE_LOOP_ANALYSIS = YES;
				CLANG_WARN_STRICT_PROTOTYPES = YES;
				CLANG_WARN_SUSPICIOUS_MOVE = YES;
				CLANG_WARN_UNREACHABLE_CODE = YES;
				CLANG_WARN__DUPLICATE_METHOD_MATCH = YES;
				"CODE_SIGN_IDENTITY[sdk=iphoneos*]" = "iPhone Developer";
				COPY_PHASE_STRIP = NO;
				DEBUG_INFORMATION_FORMAT = dwarf;
				ENABLE_STRICT_OBJC_MSGSEND = YES;
				ENABLE_TESTABILITY = YES;
				GCC_C_LANGUAGE_STANDARD = gnu99;
				GCC_DYNAMIC_NO_PIC = NO;
				GCC_NO_COMMON_BLOCKS = YES;
				GCC_OPTIMIZATION_LEVEL = 0;
				GCC_PREPROCESSOR_DEFINITIONS = (
					"DEBUG=1",
					"$(inherited)",
				);
				GCC_WARN_64_TO_32_BIT_CONVERSION = YES;
				GCC_WARN_ABOUT_RETURN_TYPE = YES_ERROR;
				GCC_WARN_UNDECLARED_SELECTOR = YES;
				GCC_WARN_UNINITIALIZED_AUTOS = YES_AGGRESSIVE;
				GCC_WARN_UNUSED_FUNCTION = YES;
				GCC_WARN_UNUSED_VARIABLE = YES;
				IPHONEOS_DEPLOYMENT_TARGET = 11.0;
				MTL_ENABLE_DEBUG_INFO = YES;
				ONLY_ACTIVE_ARCH = YES;
				SDKROOT = iphoneos;
				SWIFT_ACTIVE_COMPILATION_CONDITIONS = DEBUG;
				SWIFT_OPTIMIZATION_LEVEL = "-Onone";
				TARGETED_DEVICE_FAMILY = "1,2";
			};
			name = Debug;
		};
		DFEB62331F30B5EA00FEC555 /* Release */ = {
			isa = XCBuildConfiguration;
			buildSettings = {
				ALWAYS_SEARCH_USER_PATHS = NO;
				CLANG_ANALYZER_LOCALIZABILITY_NONLOCALIZED = YES;
				CLANG_ANALYZER_NONNULL = YES;
				CLANG_ANALYZER_NUMBER_OBJECT_CONVERSION = YES_AGGRESSIVE;
				CLANG_CXX_LANGUAGE_STANDARD = "gnu++0x";
				CLANG_CXX_LIBRARY = "libc++";
				CLANG_ENABLE_MODULES = YES;
				CLANG_ENABLE_OBJC_ARC = YES;
				CLANG_WARN_BLOCK_CAPTURE_AUTORELEASING = YES;
				CLANG_WARN_BOOL_CONVERSION = YES;
				CLANG_WARN_COMMA = YES;
				CLANG_WARN_CONSTANT_CONVERSION = YES;
				CLANG_WARN_DEPRECATED_OBJC_IMPLEMENTATIONS = YES;
				CLANG_WARN_DIRECT_OBJC_ISA_USAGE = YES_ERROR;
				CLANG_WARN_DOCUMENTATION_COMMENTS = YES;
				CLANG_WARN_EMPTY_BODY = YES;
				CLANG_WARN_ENUM_CONVERSION = YES;
				CLANG_WARN_INFINITE_RECURSION = YES;
				CLANG_WARN_INT_CONVERSION = YES;
				CLANG_WARN_NON_LITERAL_NULL_CONVERSION = YES;
				CLANG_WARN_OBJC_IMPLICIT_RETAIN_SELF = YES;
				CLANG_WARN_OBJC_LITERAL_CONVERSION = YES;
				CLANG_WARN_OBJC_ROOT_CLASS = YES_ERROR;
				CLANG_WARN_RANGE_LOOP_ANALYSIS = YES;
				CLANG_WARN_STRICT_PROTOTYPES = YES;
				CLANG_WARN_SUSPICIOUS_MOVE = YES;
				CLANG_WARN_UNREACHABLE_CODE = YES;
				CLANG_WARN__DUPLICATE_METHOD_MATCH = YES;
				"CODE_SIGN_IDENTITY[sdk=iphoneos*]" = "iPhone Developer";
				COPY_PHASE_STRIP = NO;
				DEBUG_INFORMATION_FORMAT = "dwarf-with-dsym";
				ENABLE_NS_ASSERTIONS = NO;
				ENABLE_STRICT_OBJC_MSGSEND = YES;
				GCC_C_LANGUAGE_STANDARD = gnu99;
				GCC_NO_COMMON_BLOCKS = YES;
				GCC_WARN_64_TO_32_BIT_CONVERSION = YES;
				GCC_WARN_ABOUT_RETURN_TYPE = YES_ERROR;
				GCC_WARN_UNDECLARED_SELECTOR = YES;
				GCC_WARN_UNINITIALIZED_AUTOS = YES_AGGRESSIVE;
				GCC_WARN_UNUSED_FUNCTION = YES;
				GCC_WARN_UNUSED_VARIABLE = YES;
				IPHONEOS_DEPLOYMENT_TARGET = 11.0;
				MTL_ENABLE_DEBUG_INFO = NO;
				SDKROOT = iphoneos;
				SWIFT_OPTIMIZATION_LEVEL = "-Owholemodule";
				TARGETED_DEVICE_FAMILY = "1,2";
				VALIDATE_PRODUCT = YES;
			};
			name = Release;
		};
		DFEB62351F30B5EA00FEC555 /* Debug */ = {
			isa = XCBuildConfiguration;
			buildSettings = {
				ASSETCATALOG_COMPILER_APPICON_NAME = AppIcon;
				"CODE_SIGN_IDENTITY[sdk=iphoneos*]" = "iPhone Developer";
				CODE_SIGN_STYLE = Manual;
				CURRENT_PROJECT_VERSION = 1;
				DEVELOPMENT_TEAM = N8P95HFNCS;
				INFOPLIST_FILE = "Speedometer/Supporting Files/Info.plist";
				LD_RUNPATH_SEARCH_PATHS = "$(inherited) @executable_path/Frameworks";
				PRODUCT_BUNDLE_IDENTIFIER = de.marcelkraus.speedometer;
				PRODUCT_NAME = "$(TARGET_NAME)";
				PROVISIONING_PROFILE = "62843f82-696b-4ca1-89b7-71dac72e6015";
				PROVISIONING_PROFILE_SPECIFIER = "Speedometer Development";
				SWIFT_VERSION = 4.2;
				TARGETED_DEVICE_FAMILY = 1;
				VERSIONING_SYSTEM = "apple-generic";
			};
			name = Debug;
		};
		DFEB62361F30B5EA00FEC555 /* Release */ = {
			isa = XCBuildConfiguration;
			buildSettings = {
				ASSETCATALOG_COMPILER_APPICON_NAME = AppIcon;
				"CODE_SIGN_IDENTITY[sdk=iphoneos*]" = "iPhone Distribution";
				CODE_SIGN_STYLE = Manual;
				CURRENT_PROJECT_VERSION = 1;
				DEVELOPMENT_TEAM = N8P95HFNCS;
				INFOPLIST_FILE = "Speedometer/Supporting Files/Info.plist";
				LD_RUNPATH_SEARCH_PATHS = "$(inherited) @executable_path/Frameworks";
				PRODUCT_BUNDLE_IDENTIFIER = de.marcelkraus.speedometer;
				PRODUCT_NAME = "$(TARGET_NAME)";
				PROVISIONING_PROFILE = "51df5708-c910-4b4c-b210-707bcc7630c6";
				PROVISIONING_PROFILE_SPECIFIER = "Speedometer Distribution";
				SWIFT_VERSION = 4.2;
				TARGETED_DEVICE_FAMILY = 1;
				VERSIONING_SYSTEM = "apple-generic";
			};
			name = Release;
		};
/* End XCBuildConfiguration section */

/* Begin XCConfigurationList section */
		DF9DCB0E20ADD8EC008BAE8B /* Build configuration list for PBXNativeTarget "SpeedometerTests" */ = {
			isa = XCConfigurationList;
			buildConfigurations = (
				DF9DCB0F20ADD8EC008BAE8B /* Debug */,
				DF9DCB1020ADD8EC008BAE8B /* Release */,
			);
			defaultConfigurationIsVisible = 0;
			defaultConfigurationName = Release;
		};
		DFEB621D1F30B5E900FEC555 /* Build configuration list for PBXProject "Speedometer" */ = {
			isa = XCConfigurationList;
			buildConfigurations = (
				DFEB62321F30B5EA00FEC555 /* Debug */,
				DFEB62331F30B5EA00FEC555 /* Release */,
			);
			defaultConfigurationIsVisible = 0;
			defaultConfigurationName = Release;
		};
		DFEB62341F30B5EA00FEC555 /* Build configuration list for PBXNativeTarget "Speedometer" */ = {
			isa = XCConfigurationList;
			buildConfigurations = (
				DFEB62351F30B5EA00FEC555 /* Debug */,
				DFEB62361F30B5EA00FEC555 /* Release */,
			);
			defaultConfigurationIsVisible = 0;
			defaultConfigurationName = Release;
		};
/* End XCConfigurationList section */
	};
	rootObject = DFEB621A1F30B5E900FEC555 /* Project object */;
}
